PODS:
  - KatexUtils (0.3.2):
    - KatexUtils/Core (= 0.3.2)
  - KatexUtils/Core (0.3.2):
    - KatexUtils/Resources
  - KatexUtils/Resources (0.3.2)

DEPENDENCIES:
  - KatexUtils (from `../`)

EXTERNAL SOURCES:
  KatexUtils:
    :path: "../"

SPEC CHECKSUMS:
  KatexUtils: dbe7191865c3b426efc0e22bf338d9fc39f6b9ca

PODFILE CHECKSUM: 3bb86b7e2d92fd1cec9aa87f4785c872c6bc4674

COCOAPODS: 1.10.1
