PODS:
  - KatexUtils (0.1.0):
    - KatexUtils/Core (= 0.1.0)
  - KatexUtils/Core (0.1.0):
    - KatexUtils/Resources
  - KatexUtils/Resources (0.1.0)

DEPENDENCIES:
  - KatexUtils (from `../`)

EXTERNAL SOURCES:
  KatexUtils:
    :path: "../"

SPEC CHECKSUMS:
  KatexUtils: 8aabfbfb4d9559b4745be8367da8edf50ff19ea5

PODFILE CHECKSUM: 3bb86b7e2d92fd1cec9aa87f4785c872c6bc4674

COCOAPODS: 1.10.1
