PODS:
  - KatexUtils (0.3.0):
    - KatexUtils/Core (= 0.3.0)
  - KatexUtils/Core (0.3.0):
    - KatexUtils/Resources
  - KatexUtils/Resources (0.3.0)

DEPENDENCIES:
  - KatexUtils (from `../`)

EXTERNAL SOURCES:
  KatexUtils:
    :path: "../"

SPEC CHECKSUMS:
  KatexUtils: a94530d4631fbe6508841765ceec056d8600aef2

PODFILE CHECKSUM: 3bb86b7e2d92fd1cec9aa87f4785c872c6bc4674

COCOAPODS: 1.10.1
